{
  "name": "jeason-eslint-config",
  "version": "1.0.0",
  "lockfileVersion": 1,
  "requires": true,
  "dependencies": {
    "eslint-config-airbnb": {
      "version": "15.0.1",
      "resolved": "http://registry.npm.pt.mi.com/eslint-config-airbnb/download/eslint-config-airbnb-15.0.1.tgz",
      "integrity": "sha1-e1GI5bfHS5ss5jn9Xh2rqP12Gu0=",
      "requires": {
        "eslint-config-airbnb-base": "11.3.2"
      }
    },
    "eslint-config-airbnb-base": {
      "version": "11.3.2",
      "resolved": "http://registry.npm.pt.mi.com/eslint-config-airbnb-base/download/eslint-config-airbnb-base-11.3.2.tgz",
      "integrity": "sha1-hwOxGr48iKx+wrdFt/31LgCuaAo=",
      "requires": {
        "eslint-restricted-globals": "0.1.1"
      }
    },
    "eslint-restricted-globals": {
      "version": "0.1.1",
      "resolved": "http://registry.npm.pt.mi.com/eslint-restricted-globals/download/eslint-restricted-globals-0.1.1.tgz",
      "integrity": "sha1-NfDVy8ZMLj7WLpO0saevBbp+1Nc="
    }
  }
}
